{
  "name": "voice-command-website",
  "version": "1.0.0",
  "lockfileVersion": 3,
  "requires": true,
  "packages": {
    "": {
      "name": "voice-command-website",
      "version": "1.0.0",
      "license": "ISC",
      "dependencies": {
        "voice-command-website": "file:"
      },
      "engines": {
        "node": "18.x"
      }
    },
    "node_modules/voice-command-website": {
      "resolved": "",
      "link": true
    }
  }
}
